
Microsoft Visual Studio Solution File, Format Version 12.00
# Visual Studio Version 17
VisualStudioVersion = 17.0.31903.59
MinimumVisualStudioVersion = 10.0.40219.1
Project("{FAE04EC0-301F-11D3-BF4B-00C04F79EFBC}") = "Heritage", "Heritage\Heritage.csproj", "{BAD5BE95-8D2E-4913-B9A8-D603BDAB3FCC}"
EndProject
Global
	GlobalSection(SolutionConfigurationPlatforms) = preSolution
		Debug|Any CPU = Debug|Any CPU
		Release|Any CPU = Release|Any CPU
	EndGlobalSection
	GlobalSection(ProjectConfigurationPlatforms) = postSolution
		{BAD5BE95-8D2E-4913-B9A8-D603BDAB3FCC}.Debug|Any CPU.ActiveCfg = Debug|Any CPU
		{BAD5BE95-8D2E-4913-B9A8-D603BDAB3FCC}.Debug|Any CPU.Build.0 = Debug|Any CPU
		{BAD5BE95-8D2E-4913-B9A8-D603BDAB3FCC}.Release|Any CPU.ActiveCfg = Release|Any CPU
		{BAD5BE95-8D2E-4913-B9A8-D603BDAB3FCC}.Release|Any CPU.Build.0 = Release|Any CPU
	EndGlobalSection
	GlobalSection(SolutionProperties) = preSolution
		HideSolutionNode = FALSE
	EndGlobalSection
	GlobalSection(ExtensibilityGlobals) = postSolution
		SolutionGuid = {FF1EFD8B-5F43-4B09-AC4B-304965571ACF}
	EndGlobalSection
EndGlobal
